
Microsoft Visual Studio Solution File, Format Version 12.00
# Visual Studio Version 16
VisualStudioVersion = 16.0.31424.327
MinimumVisualStudioVersion = 10.0.40219.1
Project("{FAE04EC0-301F-11D3-BF4B-00C04F79EFBC}") = "ZampelungheNahemiasEjercicio01", "ZampelungheNahemiasEjercicio01\ZampelungheNahemiasEjercicio01.csproj", "{01ED6FF2-22C0-4C75-B36F-923E5B9318D4}"
EndProject
Global
	GlobalSection(SolutionConfigurationPlatforms) = preSolution
		Debug|Any CPU = Debug|Any CPU
		Release|Any CPU = Release|Any CPU
	EndGlobalSection
	GlobalSection(ProjectConfigurationPlatforms) = postSolution
		{01ED6FF2-22C0-4C75-B36F-923E5B9318D4}.Debug|Any CPU.ActiveCfg = Debug|Any CPU
		{01ED6FF2-22C0-4C75-B36F-923E5B9318D4}.Debug|Any CPU.Build.0 = Debug|Any CPU
		{01ED6FF2-22C0-4C75-B36F-923E5B9318D4}.Release|Any CPU.ActiveCfg = Release|Any CPU
		{01ED6FF2-22C0-4C75-B36F-923E5B9318D4}.Release|Any CPU.Build.0 = Release|Any CPU
	EndGlobalSection
	GlobalSection(SolutionProperties) = preSolution
		HideSolutionNode = FALSE
	EndGlobalSection
	GlobalSection(ExtensibilityGlobals) = postSolution
		SolutionGuid = {C30CBF0E-DB07-494C-AE53-5961C2245241}
	EndGlobalSection
EndGlobal
